
Microsoft Visual Studio Solution File, Format Version 12.00
# Visual Studio Version 16
VisualStudioVersion = 16.0.30611.23
MinimumVisualStudioVersion = 10.0.40219.1
Project("{FAE04EC0-301F-11D3-BF4B-00C04F79EFBC}") = "demo3 - class", "demo3 - class\demo3 - class.csproj", "{6FEB5D91-A283-45E3-B8AB-D2C1CE7337C0}"
EndProject
Global
	GlobalSection(SolutionConfigurationPlatforms) = preSolution
		Debug|Any CPU = Debug|Any CPU
		Release|Any CPU = Release|Any CPU
	EndGlobalSection
	GlobalSection(ProjectConfigurationPlatforms) = postSolution
		{6FEB5D91-A283-45E3-B8AB-D2C1CE7337C0}.Debug|Any CPU.ActiveCfg = Debug|Any CPU
		{6FEB5D91-A283-45E3-B8AB-D2C1CE7337C0}.Debug|Any CPU.Build.0 = Debug|Any CPU
		{6FEB5D91-A283-45E3-B8AB-D2C1CE7337C0}.Release|Any CPU.ActiveCfg = Release|Any CPU
		{6FEB5D91-A283-45E3-B8AB-D2C1CE7337C0}.Release|Any CPU.Build.0 = Release|Any CPU
	EndGlobalSection
	GlobalSection(SolutionProperties) = preSolution
		HideSolutionNode = FALSE
	EndGlobalSection
	GlobalSection(ExtensibilityGlobals) = postSolution
		SolutionGuid = {6C2FA5AD-5C92-4442-AF2C-014980B44D71}
	EndGlobalSection
EndGlobal
