
Microsoft Visual Studio Solution File, Format Version 12.00
# Visual Studio Version 16
VisualStudioVersion = 16.0.30611.23
MinimumVisualStudioVersion = 10.0.40219.1
Project("{FAE04EC0-301F-11D3-BF4B-00C04F79EFBC}") = "NguyenDuyHieu", "NguyenDuyHieu\NguyenDuyHieu.csproj", "{A1C77C23-112E-4C84-8323-64B9D24CE322}"
EndProject
Global
	GlobalSection(SolutionConfigurationPlatforms) = preSolution
		Debug|Any CPU = Debug|Any CPU
		Release|Any CPU = Release|Any CPU
	EndGlobalSection
	GlobalSection(ProjectConfigurationPlatforms) = postSolution
		{A1C77C23-112E-4C84-8323-64B9D24CE322}.Debug|Any CPU.ActiveCfg = Debug|Any CPU
		{A1C77C23-112E-4C84-8323-64B9D24CE322}.Debug|Any CPU.Build.0 = Debug|Any CPU
		{A1C77C23-112E-4C84-8323-64B9D24CE322}.Release|Any CPU.ActiveCfg = Release|Any CPU
		{A1C77C23-112E-4C84-8323-64B9D24CE322}.Release|Any CPU.Build.0 = Release|Any CPU
	EndGlobalSection
	GlobalSection(SolutionProperties) = preSolution
		HideSolutionNode = FALSE
	EndGlobalSection
	GlobalSection(ExtensibilityGlobals) = postSolution
		SolutionGuid = {C55A1C9C-C8FF-476A-813B-FCC025D636E5}
	EndGlobalSection
EndGlobal
