
Microsoft Visual Studio Solution File, Format Version 12.00
# Visual Studio Version 16
VisualStudioVersion = 16.0.30611.23
MinimumVisualStudioVersion = 10.0.40219.1
Project("{FAE04EC0-301F-11D3-BF4B-00C04F79EFBC}") = "DeCuong", "DeCuong\DeCuong.csproj", "{93FF4A1D-3C0F-4268-ACE0-B42A3E6E61D5}"
EndProject
Global
	GlobalSection(SolutionConfigurationPlatforms) = preSolution
		Debug|Any CPU = Debug|Any CPU
		Release|Any CPU = Release|Any CPU
	EndGlobalSection
	GlobalSection(ProjectConfigurationPlatforms) = postSolution
		{93FF4A1D-3C0F-4268-ACE0-B42A3E6E61D5}.Debug|Any CPU.ActiveCfg = Debug|Any CPU
		{93FF4A1D-3C0F-4268-ACE0-B42A3E6E61D5}.Debug|Any CPU.Build.0 = Debug|Any CPU
		{93FF4A1D-3C0F-4268-ACE0-B42A3E6E61D5}.Release|Any CPU.ActiveCfg = Release|Any CPU
		{93FF4A1D-3C0F-4268-ACE0-B42A3E6E61D5}.Release|Any CPU.Build.0 = Release|Any CPU
	EndGlobalSection
	GlobalSection(SolutionProperties) = preSolution
		HideSolutionNode = FALSE
	EndGlobalSection
	GlobalSection(ExtensibilityGlobals) = postSolution
		SolutionGuid = {E0842937-1F2D-4D32-88E1-008DD08EF0AC}
	EndGlobalSection
EndGlobal
