
Microsoft Visual Studio Solution File, Format Version 12.00
# Visual Studio Version 16
VisualStudioVersion = 16.0.30611.23
MinimumVisualStudioVersion = 10.0.40219.1
Project("{FAE04EC0-301F-11D3-BF4B-00C04F79EFBC}") = "NguyenDuyHieu_D15CNPM2", "NguyenDuyHieu_D15CNPM2\NguyenDuyHieu_D15CNPM2.csproj", "{20112B55-FE55-44EA-94D3-88FB1CD88F69}"
EndProject
Global
	GlobalSection(SolutionConfigurationPlatforms) = preSolution
		Debug|Any CPU = Debug|Any CPU
		Release|Any CPU = Release|Any CPU
	EndGlobalSection
	GlobalSection(ProjectConfigurationPlatforms) = postSolution
		{20112B55-FE55-44EA-94D3-88FB1CD88F69}.Debug|Any CPU.ActiveCfg = Debug|Any CPU
		{20112B55-FE55-44EA-94D3-88FB1CD88F69}.Debug|Any CPU.Build.0 = Debug|Any CPU
		{20112B55-FE55-44EA-94D3-88FB1CD88F69}.Release|Any CPU.ActiveCfg = Release|Any CPU
		{20112B55-FE55-44EA-94D3-88FB1CD88F69}.Release|Any CPU.Build.0 = Release|Any CPU
	EndGlobalSection
	GlobalSection(SolutionProperties) = preSolution
		HideSolutionNode = FALSE
	EndGlobalSection
	GlobalSection(ExtensibilityGlobals) = postSolution
		SolutionGuid = {7D491C27-B044-4B20-B00E-8E648FFFB85E}
	EndGlobalSection
EndGlobal
